// !$*UTF8*$!
{
	archiveVersion = 1;
	classes = {
	};
	objectVersion = 46;
	objects = {

/* Begin PBXBuildFile section */
		507018AD1C9737FA00A47BA8 /* AppDelegate.swift in Sources */ = {isa = PBXBuildFile; fileRef = 507018AC1C9737FA00A47BA8 /* AppDelegate.swift */; };
		507018AF1C9737FA00A47BA8 /* GameScene.sks in Resources */ = {isa = PBXBuildFile; fileRef = 507018AE1C9737FA00A47BA8 /* GameScene.sks */; };
		507018B11C9737FA00A47BA8 /* GameScene.swift in Sources */ = {isa = PBXBuildFile; fileRef = 507018B01C9737FA00A47BA8 /* GameScene.swift */; };
		507018B31C9737FA00A47BA8 /* GameViewController.swift in Sources */ = {isa = PBXBuildFile; fileRef = 507018B21C9737FA00A47BA8 /* GameViewController.swift */; };
		507018B61C9737FA00A47BA8 /* Main.storyboard in Resources */ = {isa = PBXBuildFile; fileRef = 507018B41C9737FA00A47BA8 /* Main.storyboard */; };
		507018B81C9737FA00A47BA8 /* Assets.xcassets in Resources */ = {isa = PBXBuildFile; fileRef = 507018B71C9737FA00A47BA8 /* Assets.xcassets */; };
		507018BB1C9737FA00A47BA8 /* LaunchScreen.storyboard in Resources */ = {isa = PBXBuildFile; fileRef = 507018B91C9737FA00A47BA8 /* LaunchScreen.storyboard */; };
		507018C61C9737FA00A47BA8 /* FlappyBirdSwiftTests.swift in Sources */ = {isa = PBXBuildFile; fileRef = 507018C51C9737FA00A47BA8 /* FlappyBirdSwiftTests.swift */; };
		507018D11C9737FA00A47BA8 /* FlappyBirdSwiftUITests.swift in Sources */ = {isa = PBXBuildFile; fileRef = 507018D01C9737FA00A47BA8 /* FlappyBirdSwiftUITests.swift */; };
		507018E01C97443B00A47BA8 /* flappy_bird.png in Resources */ = {isa = PBXBuildFile; fileRef = 507018DE1C97443B00A47BA8 /* flappy_bird.png */; };
		507018E11C97443B00A47BA8 /* ground.png in Resources */ = {isa = PBXBuildFile; fileRef = 507018DF1C97443B00A47BA8 /* ground.png */; };
		507018E51C974D9B00A47BA8 /* pipe_down.png in Resources */ = {isa = PBXBuildFile; fileRef = 507018E31C974D9B00A47BA8 /* pipe_down.png */; };
		507018E61C974D9B00A47BA8 /* pipe_up.png in Resources */ = {isa = PBXBuildFile; fileRef = 507018E41C974D9B00A47BA8 /* pipe_up.png */; };
/* End PBXBuildFile section */

/* Begin PBXContainerItemProxy section */
		507018C21C9737FA00A47BA8 /* PBXContainerItemProxy */ = {
			isa = PBXContainerItemProxy;
			containerPortal = 507018A11C9737FA00A47BA8 /* Project object */;
			proxyType = 1;
			remoteGlobalIDString = 507018A81C9737FA00A47BA8;
			remoteInfo = FlappyBirdSwift;
		};
		507018CD1C9737FA00A47BA8 /* PBXContainerItemProxy */ = {
			isa = PBXContainerItemProxy;
			containerPortal = 507018A11C9737FA00A47BA8 /* Project object */;
			proxyType = 1;
			remoteGlobalIDString = 507018A81C9737FA00A47BA8;
			remoteInfo = FlappyBirdSwift;
		};
/* End PBXContainerItemProxy section */

/* Begin PBXFileReference section */
		507018A91C9737FA00A47BA8 /* FlappyBirdSwift.app */ = {isa = PBXFileReference; explicitFileType = wrapper.application; includeInIndex = 0; path = FlappyBirdSwift.app; sourceTree = BUILT_PRODUCTS_DIR; };
		507018AC1C9737FA00A47BA8 /* AppDelegate.swift */ = {isa = PBXFileReference; lastKnownFileType = sourcecode.swift; path = AppDelegate.swift; sourceTree = "<group>"; };
		507018AE1C9737FA00A47BA8 /* GameScene.sks */ = {isa = PBXFileReference; lastKnownFileType = file.sks; path = GameScene.sks; sourceTree = "<group>"; };
		507018B01C9737FA00A47BA8 /* GameScene.swift */ = {isa = PBXFileReference; lastKnownFileType = sourcecode.swift; path = GameScene.swift; sourceTree = "<group>"; };
		507018B21C9737FA00A47BA8 /* GameViewController.swift */ = {isa = PBXFileReference; lastKnownFileType = sourcecode.swift; path = GameViewController.swift; sourceTree = "<group>"; };
		507018B51C9737FA00A47BA8 /* Base */ = {isa = PBXFileReference; lastKnownFileType = file.storyboard; name = Base; path = Base.lproj/Main.storyboard; sourceTree = "<group>"; };
		507018B71C9737FA00A47BA8 /* Assets.xcassets */ = {isa = PBXFileReference; lastKnownFileType = folder.assetcatalog; path = Assets.xcassets; sourceTree = "<group>"; };
		507018BA1C9737FA00A47BA8 /* Base */ = {isa = PBXFileReference; lastKnownFileType = file.storyboard; name = Base; path = Base.lproj/LaunchScreen.storyboard; sourceTree = "<group>"; };
		507018BC1C9737FA00A47BA8 /* Info.plist */ = {isa = PBXFileReference; lastKnownFileType = text.plist.xml; path = Info.plist; sourceTree = "<group>"; };
		507018C11C9737FA00A47BA8 /* FlappyBirdSwiftTests.xctest */ = {isa = PBXFileReference; explicitFileType = wrapper.cfbundle; includeInIndex = 0; path = FlappyBirdSwiftTests.xctest; sourceTree = BUILT_PRODUCTS_DIR; };
		507018C51C9737FA00A47BA8 /* FlappyBirdSwiftTests.swift */ = {isa = PBXFileReference; lastKnownFileType = sourcecode.swift; path = FlappyBirdSwiftTests.swift; sourceTree = "<group>"; };
		507018C71C9737FA00A47BA8 /* Info.plist */ = {isa = PBXFileReference; lastKnownFileType = text.plist.xml; path = Info.plist; sourceTree = "<group>"; };
		507018CC1C9737FA00A47BA8 /* FlappyBirdSwiftUITests.xctest */ = {isa = PBXFileReference; explicitFileType = wrapper.cfbundle; includeInIndex = 0; path = FlappyBirdSwiftUITests.xctest; sourceTree = BUILT_PRODUCTS_DIR; };
		507018D01C9737FA00A47BA8 /* FlappyBirdSwiftUITests.swift */ = {isa = PBXFileReference; lastKnownFileType = sourcecode.swift; path = FlappyBirdSwiftUITests.swift; sourceTree = "<group>"; };
		507018D21C9737FA00A47BA8 /* Info.plist */ = {isa = PBXFileReference; lastKnownFileType = text.plist.xml; path = Info.plist; sourceTree = "<group>"; };
		507018DE1C97443B00A47BA8 /* flappy_bird.png */ = {isa = PBXFileReference; lastKnownFileType = image.png; path = flappy_bird.png; sourceTree = SOURCE_ROOT; };
		507018DF1C97443B00A47BA8 /* ground.png */ = {isa = PBXFileReference; lastKnownFileType = image.png; path = ground.png; sourceTree = SOURCE_ROOT; };
		507018E31C974D9B00A47BA8 /* pipe_down.png */ = {isa = PBXFileReference; lastKnownFileType = image.png; path = pipe_down.png; sourceTree = SOURCE_ROOT; };
		507018E41C974D9B00A47BA8 /* pipe_up.png */ = {isa = PBXFileReference; lastKnownFileType = image.png; path = pipe_up.png; sourceTree = SOURCE_ROOT; };
/* End PBXFileReference section */

/* Begin PBXFrameworksBuildPhase section */
		507018A61C9737FA00A47BA8 /* Frameworks */ = {
			isa = PBXFrameworksBuildPhase;
			buildActionMask = 2147483647;
			files = (
			);
			runOnlyForDeploymentPostprocessing = 0;
		};
		507018BE1C9737FA00A47BA8 /* Frameworks */ = {
			isa = PBXFrameworksBuildPhase;
			buildActionMask = 2147483647;
			files = (
			);
			runOnlyForDeploymentPostprocessing = 0;
		};
		507018C91C9737FA00A47BA8 /* Frameworks */ = {
			isa = PBXFrameworksBuildPhase;
			buildActionMask = 2147483647;
			files = (
			);
			runOnlyForDeploymentPostprocessing = 0;
		};
/* End PBXFrameworksBuildPhase section */

/* Begin PBXGroup section */
		507018A01C9737FA00A47BA8 = {
			isa = PBXGroup;
			children = (
				507018AB1C9737FA00A47BA8 /* FlappyBirdSwift */,
				507018C41C9737FA00A47BA8 /* FlappyBirdSwiftTests */,
				507018CF1C9737FA00A47BA8 /* FlappyBirdSwiftUITests */,
				507018AA1C9737FA00A47BA8 /* Products */,
			);
			sourceTree = "<group>";
		};
		507018AA1C9737FA00A47BA8 /* Products */ = {
			isa = PBXGroup;
			children = (
				507018A91C9737FA00A47BA8 /* FlappyBirdSwift.app */,
				507018C11C9737FA00A47BA8 /* FlappyBirdSwiftTests.xctest */,
				507018CC1C9737FA00A47BA8 /* FlappyBirdSwiftUITests.xctest */,
			);
			name = Products;
			sourceTree = "<group>";
		};
		507018AB1C9737FA00A47BA8 /* FlappyBirdSwift */ = {
			isa = PBXGroup;
			children = (
				507018E21C974D7000A47BA8 /* Images */,
				507018AC1C9737FA00A47BA8 /* AppDelegate.swift */,
				507018AE1C9737FA00A47BA8 /* GameScene.sks */,
				507018B01C9737FA00A47BA8 /* GameScene.swift */,
				507018B21C9737FA00A47BA8 /* GameViewController.swift */,
				507018B41C9737FA00A47BA8 /* Main.storyboard */,
				507018B71C9737FA00A47BA8 /* Assets.xcassets */,
				507018B91C9737FA00A47BA8 /* LaunchScreen.storyboard */,
				507018BC1C9737FA00A47BA8 /* Info.plist */,
			);
			path = FlappyBirdSwift;
			sourceTree = "<group>";
		};
		507018C41C9737FA00A47BA8 /* FlappyBirdSwiftTests */ = {
			isa = PBXGroup;
			children = (
				507018C51C9737FA00A47BA8 /* FlappyBirdSwiftTests.swift */,
				507018C71C9737FA00A47BA8 /* Info.plist */,
			);
			path = FlappyBirdSwiftTests;
			sourceTree = "<group>";
		};
		507018CF1C9737FA00A47BA8 /* FlappyBirdSwiftUITests */ = {
			isa = PBXGroup;
			children = (
				507018D01C9737FA00A47BA8 /* FlappyBirdSwiftUITests.swift */,
				507018D21C9737FA00A47BA8 /* Info.plist */,
			);
			path = FlappyBirdSwiftUITests;
			sourceTree = "<group>";
		};
		507018E21C974D7000A47BA8 /* Images */ = {
			isa = PBXGroup;
			children = (
				507018E31C974D9B00A47BA8 /* pipe_down.png */,
				507018E41C974D9B00A47BA8 /* pipe_up.png */,
				507018DF1C97443B00A47BA8 /* ground.png */,
				507018DE1C97443B00A47BA8 /* flappy_bird.png */,
			);
			name = Images;
			sourceTree = "<group>";
		};
/* End PBXGroup section */

/* Begin PBXNativeTarget section */
		507018A81C9737FA00A47BA8 /* FlappyBirdSwift */ = {
			isa = PBXNativeTarget;
			buildConfigurationList = 507018D51C9737FA00A47BA8 /* Build configuration list for PBXNativeTarget "FlappyBirdSwift" */;
			buildPhases = (
				507018A51C9737FA00A47BA8 /* Sources */,
				507018A61C9737FA00A47BA8 /* Frameworks */,
				507018A71C9737FA00A47BA8 /* Resources */,
			);
			buildRules = (
			);
			dependencies = (
			);
			name = FlappyBirdSwift;
			productName = FlappyBirdSwift;
			productReference = 507018A91C9737FA00A47BA8 /* FlappyBirdSwift.app */;
			productType = "com.apple.product-type.application";
		};
		507018C01C9737FA00A47BA8 /* FlappyBirdSwiftTests */ = {
			isa = PBXNativeTarget;
			buildConfigurationList = 507018D81C9737FA00A47BA8 /* Build configuration list for PBXNativeTarget "FlappyBirdSwiftTests" */;
			buildPhases = (
				507018BD1C9737FA00A47BA8 /* Sources */,
				507018BE1C9737FA00A47BA8 /* Frameworks */,
				507018BF1C9737FA00A47BA8 /* Resources */,
			);
			buildRules = (
			);
			dependencies = (
				507018C31C9737FA00A47BA8 /* PBXTargetDependency */,
			);
			name = FlappyBirdSwiftTests;
			productName = FlappyBirdSwiftTests;
			productReference = 507018C11C9737FA00A47BA8 /* FlappyBirdSwiftTests.xctest */;
			productType = "com.apple.product-type.bundle.unit-test";
		};
		507018CB1C9737FA00A47BA8 /* FlappyBirdSwiftUITests */ = {
			isa = PBXNativeTarget;
			buildConfigurationList = 507018DB1C9737FA00A47BA8 /* Build configuration list for PBXNativeTarget "FlappyBirdSwiftUITests" */;
			buildPhases = (
				507018C81C9737FA00A47BA8 /* Sources */,
				507018C91C9737FA00A47BA8 /* Frameworks */,
				507018CA1C9737FA00A47BA8 /* Resources */,
			);
			buildRules = (
			);
			dependencies = (
				507018CE1C9737FA00A47BA8 /* PBXTargetDependency */,
			);
			name = FlappyBirdSwiftUITests;
			productName = FlappyBirdSwiftUITests;
			productReference = 507018CC1C9737FA00A47BA8 /* FlappyBirdSwiftUITests.xctest */;
			productType = "com.apple.product-type.bundle.ui-testing";
		};
/* End PBXNativeTarget section */

/* Begin PBXProject section */
		507018A11C9737FA00A47BA8 /* Project object */ = {
			isa = PBXProject;
			attributes = {
				LastSwiftUpdateCheck = 0720;
				LastUpgradeCheck = 0720;
				ORGANIZATIONNAME = BNR;
				TargetAttributes = {
					507018A81C9737FA00A47BA8 = {
						CreatedOnToolsVersion = 7.2.1;
						DevelopmentTeam = TV4A89CF43;
					};
					507018C01C9737FA00A47BA8 = {
						CreatedOnToolsVersion = 7.2.1;
						DevelopmentTeam = TV4A89CF43;
						TestTargetID = 507018A81C9737FA00A47BA8;
					};
					507018CB1C9737FA00A47BA8 = {
						CreatedOnToolsVersion = 7.2.1;
						DevelopmentTeam = TV4A89CF43;
						TestTargetID = 507018A81C9737FA00A47BA8;
					};
				};
			};
			buildConfigurationList = 507018A41C9737FA00A47BA8 /* Build configuration list for PBXProject "FlappyBirdSwift" */;
			compatibilityVersion = "Xcode 3.2";
			developmentRegion = English;
			hasScannedForEncodings = 0;
			knownRegions = (
				en,
				Base,
			);
			mainGroup = 507018A01C9737FA00A47BA8;
			productRefGroup = 507018AA1C9737FA00A47BA8 /* Products */;
			projectDirPath = "";
			projectRoot = "";
			targets = (
				507018A81C9737FA00A47BA8 /* FlappyBirdSwift */,
				507018C01C9737FA00A47BA8 /* FlappyBirdSwiftTests */,
				507018CB1C9737FA00A47BA8 /* FlappyBirdSwiftUITests */,
			);
		};
/* End PBXProject section */

/* Begin PBXResourcesBuildPhase section */
		507018A71C9737FA00A47BA8 /* Resources */ = {
			isa = PBXResourcesBuildPhase;
			buildActionMask = 2147483647;
			files = (
				507018E61C974D9B00A47BA8 /* pipe_up.png in Resources */,
				507018E11C97443B00A47BA8 /* ground.png in Resources */,
				507018AF1C9737FA00A47BA8 /* GameScene.sks in Resources */,
				507018E51C974D9B00A47BA8 /* pipe_down.png in Resources */,
				507018BB1C9737FA00A47BA8 /* LaunchScreen.storyboard in Resources */,
				507018B81C9737FA00A47BA8 /* Assets.xcassets in Resources */,
				507018E01C97443B00A47BA8 /* flappy_bird.png in Resources */,
				507018B61C9737FA00A47BA8 /* Main.storyboard in Resources */,
			);
			runOnlyForDeploymentPostprocessing = 0;
		};
		507018BF1C9737FA00A47BA8 /* Resources */ = {
			isa = PBXResourcesBuildPhase;
			buildActionMask = 2147483647;
			files = (
			);
			runOnlyForDeploymentPostprocessing = 0;
		};
		507018CA1C9737FA00A47BA8 /* Resources */ = {
			isa = PBXResourcesBuildPhase;
			buildActionMask = 2147483647;
			files = (
			);
			runOnlyForDeploymentPostprocessing = 0;
		};
/* End PBXResourcesBuildPhase section */

/* Begin PBXSourcesBuildPhase section */
		507018A51C9737FA00A47BA8 /* Sources */ = {
			isa = PBXSourcesBuildPhase;
			buildActionMask = 2147483647;
			files = (
				507018B11C9737FA00A47BA8 /* GameScene.swift in Sources */,
				507018B31C9737FA00A47BA8 /* GameViewController.swift in Sources */,
				507018AD1C9737FA00A47BA8 /* AppDelegate.swift in Sources */,
			);
			runOnlyForDeploymentPostprocessing = 0;
		};
		507018BD1C9737FA00A47BA8 /* Sources */ = {
			isa = PBXSourcesBuildPhase;
			buildActionMask = 2147483647;
			files = (
				507018C61C9737FA00A47BA8 /* FlappyBirdSwiftTests.swift in Sources */,
			);
			runOnlyForDeploymentPostprocessing = 0;
		};
		507018C81C9737FA00A47BA8 /* Sources */ = {
			isa = PBXSourcesBuildPhase;
			buildActionMask = 2147483647;
			files = (
				507018D11C9737FA00A47BA8 /* FlappyBirdSwiftUITests.swift in Sources */,
			);
			runOnlyForDeploymentPostprocessing = 0;
		};
/* End PBXSourcesBuildPhase section */

/* Begin PBXTargetDependency section */
		507018C31C9737FA00A47BA8 /* PBXTargetDependency */ = {
			isa = PBXTargetDependency;
			target = 507018A81C9737FA00A47BA8 /* FlappyBirdSwift */;
			targetProxy = 507018C21C9737FA00A47BA8 /* PBXContainerItemProxy */;
		};
		507018CE1C9737FA00A47BA8 /* PBXTargetDependency */ = {
			isa = PBXTargetDependency;
			target = 507018A81C9737FA00A47BA8 /* FlappyBirdSwift */;
			targetProxy = 507018CD1C9737FA00A47BA8 /* PBXContainerItemProxy */;
		};
/* End PBXTargetDependency section */

/* Begin PBXVariantGroup section */
		507018B41C9737FA00A47BA8 /* Main.storyboard */ = {
			isa = PBXVariantGroup;
			children = (
				507018B51C9737FA00A47BA8 /* Base */,
			);
			name = Main.storyboard;
			sourceTree = "<group>";
		};
		507018B91C9737FA00A47BA8 /* LaunchScreen.storyboard */ = {
			isa = PBXVariantGroup;
			children = (
				507018BA1C9737FA00A47BA8 /* Base */,
			);
			name = LaunchScreen.storyboard;
			sourceTree = "<group>";
		};
/* End PBXVariantGroup section */

/* Begin XCBuildConfiguration section */
		507018D31C9737FA00A47BA8 /* Debug */ = {
			isa = XCBuildConfiguration;
			buildSettings = {
				ALWAYS_SEARCH_USER_PATHS = NO;
				CLANG_CXX_LANGUAGE_STANDARD = "gnu++0x";
				CLANG_CXX_LIBRARY = "libc++";
				CLANG_ENABLE_MODULES = YES;
				CLANG_ENABLE_OBJC_ARC = YES;
				CLANG_WARN_BOOL_CONVERSION = YES;
				CLANG_WARN_CONSTANT_CONVERSION = YES;
				CLANG_WARN_DIRECT_OBJC_ISA_USAGE = YES_ERROR;
				CLANG_WARN_EMPTY_BODY = YES;
				CLANG_WARN_ENUM_CONVERSION = YES;
				CLANG_WARN_INT_CONVERSION = YES;
				CLANG_WARN_OBJC_ROOT_CLASS = YES_ERROR;
				CLANG_WARN_UNREACHABLE_CODE = YES;
				CLANG_WARN__DUPLICATE_METHOD_MATCH = YES;
				"CODE_SIGN_IDENTITY[sdk=iphoneos*]" = "iPhone Developer";
				COPY_PHASE_STRIP = NO;
				DEBUG_INFORMATION_FORMAT = "dwarf-with-dsym";
				ENABLE_STRICT_OBJC_MSGSEND = YES;
				ENABLE_TESTABILITY = YES;
				GCC_C_LANGUAGE_STANDARD = gnu99;
				GCC_DYNAMIC_NO_PIC = NO;
				GCC_NO_COMMON_BLOCKS = YES;
				GCC_OPTIMIZATION_LEVEL = 0;
				GCC_PREPROCESSOR_DEFINITIONS = (
					"DEBUG=1",
					"$(inherited)",
				);
				GCC_WARN_64_TO_32_BIT_CONVERSION = YES;
				GCC_WARN_ABOUT_RETURN_TYPE = YES_ERROR;
				GCC_WARN_UNDECLARED_SELECTOR = YES;
				GCC_WARN_UNINITIALIZED_AUTOS = YES_AGGRESSIVE;
				GCC_WARN_UNUSED_FUNCTION = YES;
				GCC_WARN_UNUSED_VARIABLE = YES;
				IPHONEOS_DEPLOYMENT_TARGET = 9.2;
				MTL_ENABLE_DEBUG_INFO = YES;
				ONLY_ACTIVE_ARCH = YES;
				SDKROOT = iphoneos;
				SWIFT_OPTIMIZATION_LEVEL = "-Onone";
			};
			name = Debug;
		};
		507018D41C9737FA00A47BA8 /* Release */ = {
			isa = XCBuildConfiguration;
			buildSettings = {
				ALWAYS_SEARCH_USER_PATHS = NO;
				CLANG_CXX_LANGUAGE_STANDARD = "gnu++0x";
				CLANG_CXX_LIBRARY = "libc++";
				CLANG_ENABLE_MODULES = YES;
				CLANG_ENABLE_OBJC_ARC = YES;
				CLANG_WARN_BOOL_CONVERSION = YES;
				CLANG_WARN_CONSTANT_CONVERSION = YES;
				CLANG_WARN_DIRECT_OBJC_ISA_USAGE = YES_ERROR;
				CLANG_WARN_EMPTY_BODY = YES;
				CLANG_WARN_ENUM_CONVERSION = YES;
				CLANG_WARN_INT_CONVERSION = YES;
				CLANG_WARN_OBJC_ROOT_CLASS = YES_ERROR;
				CLANG_WARN_UNREACHABLE_CODE = YES;
				CLANG_WARN__DUPLICATE_METHOD_MATCH = YES;
				"CODE_SIGN_IDENTITY[sdk=iphoneos*]" = "iPhone Developer";
				COPY_PHASE_STRIP = NO;
				DEBUG_INFORMATION_FORMAT = "dwarf-with-dsym";
				ENABLE_NS_ASSERTIONS = NO;
				ENABLE_STRICT_OBJC_MSGSEND = YES;
				GCC_C_LANGUAGE_STANDARD = gnu99;
				GCC_NO_COMMON_BLOCKS = YES;
				GCC_WARN_64_TO_32_BIT_CONVERSION = YES;
				GCC_WARN_ABOUT_RETURN_TYPE = YES_ERROR;
				GCC_WARN_UNDECLARED_SELECTOR = YES;
				GCC_WARN_UNINITIALIZED_AUTOS = YES_AGGRESSIVE;
				GCC_WARN_UNUSED_FUNCTION = YES;
				GCC_WARN_UNUSED_VARIABLE = YES;
				IPHONEOS_DEPLOYMENT_TARGET = 9.2;
				MTL_ENABLE_DEBUG_INFO = NO;
				SDKROOT = iphoneos;
				VALIDATE_PRODUCT = YES;
			};
			name = Release;
		};
		507018D61C9737FA00A47BA8 /* Debug */ = {
			isa = XCBuildConfiguration;
			buildSettings = {
				ASSETCATALOG_COMPILER_APPICON_NAME = AppIcon;
				INFOPLIST_FILE = FlappyBirdSwift/Info.plist;
				LD_RUNPATH_SEARCH_PATHS = "$(inherited) @executable_path/Frameworks";
				PRODUCT_BUNDLE_IDENTIFIER = com.bignerdranch.FlappyBirdSwift;
				PRODUCT_NAME = "$(TARGET_NAME)";
			};
			name = Debug;
		};
		507018D71C9737FA00A47BA8 /* Release */ = {
			isa = XCBuildConfiguration;
			buildSettings = {
				ASSETCATALOG_COMPILER_APPICON_NAME = AppIcon;
				INFOPLIST_FILE = FlappyBirdSwift/Info.plist;
				LD_RUNPATH_SEARCH_PATHS = "$(inherited) @executable_path/Frameworks";
				PRODUCT_BUNDLE_IDENTIFIER = com.bignerdranch.FlappyBirdSwift;
				PRODUCT_NAME = "$(TARGET_NAME)";
			};
			name = Release;
		};
		507018D91C9737FA00A47BA8 /* Debug */ = {
			isa = XCBuildConfiguration;
			buildSettings = {
				BUNDLE_LOADER = "$(TEST_HOST)";
				DEBUG_INFORMATION_FORMAT = dwarf;
				INFOPLIST_FILE = FlappyBirdSwiftTests/Info.plist;
				LD_RUNPATH_SEARCH_PATHS = "$(inherited) @executable_path/Frameworks @loader_path/Frameworks";
				PRODUCT_BUNDLE_IDENTIFIER = com.bignerdranch.FlappyBirdSwiftTests;
				PRODUCT_NAME = "$(TARGET_NAME)";
				TEST_HOST = "$(BUILT_PRODUCTS_DIR)/FlappyBirdSwift.app/FlappyBirdSwift";
			};
			name = Debug;
		};
		507018DA1C9737FA00A47BA8 /* Release */ = {
			isa = XCBuildConfiguration;
			buildSettings = {
				BUNDLE_LOADER = "$(TEST_HOST)";
				INFOPLIST_FILE = FlappyBirdSwiftTests/Info.plist;
				LD_RUNPATH_SEARCH_PATHS = "$(inherited) @executable_path/Frameworks @loader_path/Frameworks";
				PRODUCT_BUNDLE_IDENTIFIER = com.bignerdranch.FlappyBirdSwiftTests;
				PRODUCT_NAME = "$(TARGET_NAME)";
				TEST_HOST = "$(BUILT_PRODUCTS_DIR)/FlappyBirdSwift.app/FlappyBirdSwift";
			};
			name = Release;
		};
		507018DC1C9737FA00A47BA8 /* Debug */ = {
			isa = XCBuildConfiguration;
			buildSettings = {
				DEBUG_INFORMATION_FORMAT = dwarf;
				INFOPLIST_FILE = FlappyBirdSwiftUITests/Info.plist;
				LD_RUNPATH_SEARCH_PATHS = "$(inherited) @executable_path/Frameworks @loader_path/Frameworks";
				PRODUCT_BUNDLE_IDENTIFIER = com.bignerdranch.FlappyBirdSwiftUITests;
				PRODUCT_NAME = "$(TARGET_NAME)";
				TEST_TARGET_NAME = FlappyBirdSwift;
				USES_XCTRUNNER = YES;
			};
			name = Debug;
		};
		507018DD1C9737FA00A47BA8 /* Release */ = {
			isa = XCBuildConfiguration;
			buildSettings = {
				INFOPLIST_FILE = FlappyBirdSwiftUITests/Info.plist;
				LD_RUNPATH_SEARCH_PATHS = "$(inherited) @executable_path/Frameworks @loader_path/Frameworks";
				PRODUCT_BUNDLE_IDENTIFIER = com.bignerdranch.FlappyBirdSwiftUITests;
				PRODUCT_NAME = "$(TARGET_NAME)";
				TEST_TARGET_NAME = FlappyBirdSwift;
				USES_XCTRUNNER = YES;
			};
			name = Release;
		};
/* End XCBuildConfiguration section */

/* Begin XCConfigurationList section */
		507018A41C9737FA00A47BA8 /* Build configuration list for PBXProject "FlappyBirdSwift" */ = {
			isa = XCConfigurationList;
			buildConfigurations = (
				507018D31C9737FA00A47BA8 /* Debug */,
				507018D41C9737FA00A47BA8 /* Release */,
			);
			defaultConfigurationIsVisible = 0;
			defaultConfigurationName = Release;
		};
		507018D51C9737FA00A47BA8 /* Build configuration list for PBXNativeTarget "FlappyBirdSwift" */ = {
			isa = XCConfigurationList;
			buildConfigurations = (
				507018D61C9737FA00A47BA8 /* Debug */,
				507018D71C9737FA00A47BA8 /* Release */,
			);
			defaultConfigurationIsVisible = 0;
		};
		507018D81C9737FA00A47BA8 /* Build configuration list for PBXNativeTarget "FlappyBirdSwiftTests" */ = {
			isa = XCConfigurationList;
			buildConfigurations = (
				507018D91C9737FA00A47BA8 /* Debug */,
				507018DA1C9737FA00A47BA8 /* Release */,
			);
			defaultConfigurationIsVisible = 0;
		};
		507018DB1C9737FA00A47BA8 /* Build configuration list for PBXNativeTarget "FlappyBirdSwiftUITests" */ = {
			isa = XCConfigurationList;
			buildConfigurations = (
				507018DC1C9737FA00A47BA8 /* Debug */,
				507018DD1C9737FA00A47BA8 /* Release */,
			);
			defaultConfigurationIsVisible = 0;
		};
/* End XCConfigurationList section */
	};
	rootObject = 507018A11C9737FA00A47BA8 /* Project object */;
}
